
Microsoft Visual Studio Solution File, Format Version 12.00
# Visual Studio Version 17
VisualStudioVersion = 17.8.34511.84
MinimumVisualStudioVersion = 10.0.40219.1
Project("{9A19103F-16F7-4668-BE54-9A1E7A4F7556}") = "Collections", "Collections\Collections.csproj", "{96079033-12D2-4140-A558-EAD81052BCE9}"
	ProjectSection(ProjectDependencies) = postProject
		{B7C0DB3B-EF44-4769-A19E-2CE4B6B6C6A6} = {B7C0DB3B-EF44-4769-A19E-2CE4B6B6C6A6}
	EndProjectSection
EndProject
Project("{9A19103F-16F7-4668-BE54-9A1E7A4F7556}") = "DAL", "DAL\DAL.csproj", "{A3320835-550C-4B44-A258-8E9E25C0D55D}"
EndProject
Project("{9A19103F-16F7-4668-BE54-9A1E7A4F7556}") = "BLL", "BLL\BLL.csproj", "{B7C0DB3B-EF44-4769-A19E-2CE4B6B6C6A6}"
	ProjectSection(ProjectDependencies) = postProject
		{A3320835-550C-4B44-A258-8E9E25C0D55D} = {A3320835-550C-4B44-A258-8E9E25C0D55D}
	EndProjectSection
EndProject
Global
	GlobalSection(SolutionConfigurationPlatforms) = preSolution
		Debug|Any CPU = Debug|Any CPU
		Release|Any CPU = Release|Any CPU
	EndGlobalSection
	GlobalSection(ProjectConfigurationPlatforms) = postSolution
		{96079033-12D2-4140-A558-EAD81052BCE9}.Debug|Any CPU.ActiveCfg = Debug|Any CPU
		{96079033-12D2-4140-A558-EAD81052BCE9}.Debug|Any CPU.Build.0 = Debug|Any CPU
		{96079033-12D2-4140-A558-EAD81052BCE9}.Release|Any CPU.ActiveCfg = Release|Any CPU
		{96079033-12D2-4140-A558-EAD81052BCE9}.Release|Any CPU.Build.0 = Release|Any CPU
		{A3320835-550C-4B44-A258-8E9E25C0D55D}.Debug|Any CPU.ActiveCfg = Debug|Any CPU
		{A3320835-550C-4B44-A258-8E9E25C0D55D}.Debug|Any CPU.Build.0 = Debug|Any CPU
		{A3320835-550C-4B44-A258-8E9E25C0D55D}.Release|Any CPU.ActiveCfg = Release|Any CPU
		{A3320835-550C-4B44-A258-8E9E25C0D55D}.Release|Any CPU.Build.0 = Release|Any CPU
		{B7C0DB3B-EF44-4769-A19E-2CE4B6B6C6A6}.Debug|Any CPU.ActiveCfg = Debug|Any CPU
		{B7C0DB3B-EF44-4769-A19E-2CE4B6B6C6A6}.Debug|Any CPU.Build.0 = Debug|Any CPU
		{B7C0DB3B-EF44-4769-A19E-2CE4B6B6C6A6}.Release|Any CPU.ActiveCfg = Release|Any CPU
		{B7C0DB3B-EF44-4769-A19E-2CE4B6B6C6A6}.Release|Any CPU.Build.0 = Release|Any CPU
	EndGlobalSection
	GlobalSection(SolutionProperties) = preSolution
		HideSolutionNode = FALSE
	EndGlobalSection
	GlobalSection(ExtensibilityGlobals) = postSolution
		SolutionGuid = {780DD365-A37D-4B37-8C99-944C1C561FD4}
	EndGlobalSection
EndGlobal
